Microsoft Visual Studio Solution File, Format Version 11.00
# Visual Studio 2008

Project("{9F7D9DF1-0C17-6E80-0F5B-EEF2234C767C}") = "mako racer", "Assembly-CSharp.csproj", "{A6657391-C5C8-22E3-66DA-B62A9766CE68}"
EndProject
Global
	GlobalSection(SolutionConfigurationPlatforms) = preSolution
		Debug|Any CPU = Debug|Any CPU
		Release|Any CPU = Release|Any CPU
	EndGlobalSection
	GlobalSection(ProjectConfigurationPlatforms) = postSolution
		{A6657391-C5C8-22E3-66DA-B62A9766CE68}.Debug|Any CPU.ActiveCfg = Debug|Any CPU
		{A6657391-C5C8-22E3-66DA-B62A9766CE68}.Debug|Any CPU.Build.0 = Debug|Any CPU
		{A6657391-C5C8-22E3-66DA-B62A9766CE68}.Release|Any CPU.ActiveCfg = Release|Any CPU
		{A6657391-C5C8-22E3-66DA-B62A9766CE68}.Release|Any CPU.Build.0 = Release|Any CPU
	EndGlobalSection
	GlobalSection(SolutionProperties) = preSolution
		HideSolutionNode = FALSE
	EndGlobalSection
	GlobalSection(MonoDevelopProperties) = preSolution
		StartupItem = Assembly-CSharp.csproj
	EndGlobalSection
EndGlobal
