
Microsoft Visual Studio Solution File, Format Version 12.00
# Visual Studio 2015
Project("{FAE04EC0-301F-11D3-BF4B-00C04F79EFBC}") = "Mako Racer.CSharp", "Mako Racer.CSharp.csproj", "{D2C3111E-7AD4-2050-9B35-8DF3AA0AD9D7}"
EndProject
Global
	GlobalSection(SolutionConfigurationPlatforms) = preSolution
		Debug|Any CPU = Debug|Any CPU
		Release|Any CPU = Release|Any CPU
	EndGlobalSection
	GlobalSection(ProjectConfigurationPlatforms) = postSolution
		{D2C3111E-7AD4-2050-9B35-8DF3AA0AD9D7}.Debug|Any CPU.ActiveCfg = Debug|Any CPU
		{D2C3111E-7AD4-2050-9B35-8DF3AA0AD9D7}.Debug|Any CPU.Build.0 = Debug|Any CPU
		{D2C3111E-7AD4-2050-9B35-8DF3AA0AD9D7}.Release|Any CPU.ActiveCfg = Release|Any CPU
		{D2C3111E-7AD4-2050-9B35-8DF3AA0AD9D7}.Release|Any CPU.Build.0 = Release|Any CPU
	EndGlobalSection
	GlobalSection(SolutionProperties) = preSolution
		HideSolutionNode = FALSE
	EndGlobalSection
EndGlobal
